
Microsoft Visual Studio Solution File, Format Version 12.00
# Visual Studio Version 17
VisualStudioVersion = 17.8.34525.116
MinimumVisualStudioVersion = 10.0.40219.1
Project("{2150E333-8FDC-42A3-9474-1A3956D46DE8}") = "Front", "Front", "{C149ED5F-53A8-492F-9F8A-89E6F459D3DB}"
EndProject
Project("{2150E333-8FDC-42A3-9474-1A3956D46DE8}") = "Gateway", "Gateway", "{851B7513-BA56-48D5-979E-9B3C75D2F332}"
EndProject
Project("{2150E333-8FDC-42A3-9474-1A3956D46DE8}") = "Integration", "Integration", "{67C32262-5672-4985-B3BD-5EF1B86FEC19}"
EndProject
Project("{2150E333-8FDC-42A3-9474-1A3956D46DE8}") = "Services", "Services", "{B82C4CB6-7C77-4E68-9B3D-4772000FA662}"
EndProject
Project("{9A19103F-16F7-4668-BE54-9A1E7A4F7556}") = "MicroTest.Services.CouponAPI", "MicroTest.Services.CouponAPI\MicroTest.Services.CouponAPI.csproj", "{4943B430-1264-4AB2-BB91-12B50D85AB21}"
EndProject
Project("{9A19103F-16F7-4668-BE54-9A1E7A4F7556}") = "MicroTest.Web", "MicroTest.Web\MicroTest.Web.csproj", "{9C55DA15-F5F2-4CCD-A551-B7C49A4B575D}"
EndProject
Project("{9A19103F-16F7-4668-BE54-9A1E7A4F7556}") = "MicroTest.Services.AuthAPI", "MicroTest.Services.AuthAPI\MicroTest.Services.AuthAPI.csproj", "{A83AB37A-92C1-40BF-B9EC-09A389E6AACA}"
EndProject
Project("{9A19103F-16F7-4668-BE54-9A1E7A4F7556}") = "MicroTest.Services.ProductAPI", "MicroTest.Services.ProductAPI\MicroTest.Services.ProductAPI.csproj", "{827F0B93-3ECC-4315-B436-1EA1DFF0EE19}"
EndProject
Project("{FAE04EC0-301F-11D3-BF4B-00C04F79EFBC}") = "MicroTest.Services.ShoppingCartAPI", "MicroTest.Services.ShoppingCartAPI\MicroTest.Services.ShoppingCartAPI.csproj", "{427C496F-D845-439D-9D80-019ADB2E0B0A}"
EndProject
Global
	GlobalSection(SolutionConfigurationPlatforms) = preSolution
		Debug|Any CPU = Debug|Any CPU
		Release|Any CPU = Release|Any CPU
	EndGlobalSection
	GlobalSection(ProjectConfigurationPlatforms) = postSolution
		{4943B430-1264-4AB2-BB91-12B50D85AB21}.Debug|Any CPU.ActiveCfg = Debug|Any CPU
		{4943B430-1264-4AB2-BB91-12B50D85AB21}.Debug|Any CPU.Build.0 = Debug|Any CPU
		{4943B430-1264-4AB2-BB91-12B50D85AB21}.Release|Any CPU.ActiveCfg = Release|Any CPU
		{4943B430-1264-4AB2-BB91-12B50D85AB21}.Release|Any CPU.Build.0 = Release|Any CPU
		{9C55DA15-F5F2-4CCD-A551-B7C49A4B575D}.Debug|Any CPU.ActiveCfg = Debug|Any CPU
		{9C55DA15-F5F2-4CCD-A551-B7C49A4B575D}.Debug|Any CPU.Build.0 = Debug|Any CPU
		{9C55DA15-F5F2-4CCD-A551-B7C49A4B575D}.Release|Any CPU.ActiveCfg = Release|Any CPU
		{9C55DA15-F5F2-4CCD-A551-B7C49A4B575D}.Release|Any CPU.Build.0 = Release|Any CPU
		{A83AB37A-92C1-40BF-B9EC-09A389E6AACA}.Debug|Any CPU.ActiveCfg = Debug|Any CPU
		{A83AB37A-92C1-40BF-B9EC-09A389E6AACA}.Debug|Any CPU.Build.0 = Debug|Any CPU
		{A83AB37A-92C1-40BF-B9EC-09A389E6AACA}.Release|Any CPU.ActiveCfg = Release|Any CPU
		{A83AB37A-92C1-40BF-B9EC-09A389E6AACA}.Release|Any CPU.Build.0 = Release|Any CPU
		{827F0B93-3ECC-4315-B436-1EA1DFF0EE19}.Debug|Any CPU.ActiveCfg = Debug|Any CPU
		{827F0B93-3ECC-4315-B436-1EA1DFF0EE19}.Debug|Any CPU.Build.0 = Debug|Any CPU
		{827F0B93-3ECC-4315-B436-1EA1DFF0EE19}.Release|Any CPU.ActiveCfg = Release|Any CPU
		{827F0B93-3ECC-4315-B436-1EA1DFF0EE19}.Release|Any CPU.Build.0 = Release|Any CPU
		{427C496F-D845-439D-9D80-019ADB2E0B0A}.Debug|Any CPU.ActiveCfg = Debug|Any CPU
		{427C496F-D845-439D-9D80-019ADB2E0B0A}.Debug|Any CPU.Build.0 = Debug|Any CPU
		{427C496F-D845-439D-9D80-019ADB2E0B0A}.Release|Any CPU.ActiveCfg = Release|Any CPU
		{427C496F-D845-439D-9D80-019ADB2E0B0A}.Release|Any CPU.Build.0 = Release|Any CPU
	EndGlobalSection
	GlobalSection(SolutionProperties) = preSolution
		HideSolutionNode = FALSE
	EndGlobalSection
	GlobalSection(NestedProjects) = preSolution
		{4943B430-1264-4AB2-BB91-12B50D85AB21} = {B82C4CB6-7C77-4E68-9B3D-4772000FA662}
		{9C55DA15-F5F2-4CCD-A551-B7C49A4B575D} = {C149ED5F-53A8-492F-9F8A-89E6F459D3DB}
		{A83AB37A-92C1-40BF-B9EC-09A389E6AACA} = {B82C4CB6-7C77-4E68-9B3D-4772000FA662}
		{827F0B93-3ECC-4315-B436-1EA1DFF0EE19} = {B82C4CB6-7C77-4E68-9B3D-4772000FA662}
		{427C496F-D845-439D-9D80-019ADB2E0B0A} = {B82C4CB6-7C77-4E68-9B3D-4772000FA662}
	EndGlobalSection
	GlobalSection(ExtensibilityGlobals) = postSolution
		SolutionGuid = {F5720357-EE61-4531-AADF-3CE4D2DB4D92}
	EndGlobalSection
EndGlobal
